
Microsoft Visual Studio Solution File, Format Version 12.00
# Visual Studio Version 17
VisualStudioVersion = 17.12.35521.163 d17.12
MinimumVisualStudioVersion = 10.0.40219.1
Project("{FAE04EC0-301F-11D3-BF4B-00C04F79EFBC}") = "Betabill", "Betabill\Betabill.csproj", "{A0D35E15-125A-41E0-AE0F-3EE7B23C7BEA}"
EndProject
Global
	GlobalSection(SolutionConfigurationPlatforms) = preSolution
		Debug|Any CPU = Debug|Any CPU
		Release|Any CPU = Release|Any CPU
	EndGlobalSection
	GlobalSection(ProjectConfigurationPlatforms) = postSolution
		{A0D35E15-125A-41E0-AE0F-3EE7B23C7BEA}.Debug|Any CPU.ActiveCfg = Debug|Any CPU
		{A0D35E15-125A-41E0-AE0F-3EE7B23C7BEA}.Debug|Any CPU.Build.0 = Debug|Any CPU
		{A0D35E15-125A-41E0-AE0F-3EE7B23C7BEA}.Release|Any CPU.ActiveCfg = Release|Any CPU
		{A0D35E15-125A-41E0-AE0F-3EE7B23C7BEA}.Release|Any CPU.Build.0 = Release|Any CPU
	EndGlobalSection
	GlobalSection(SolutionProperties) = preSolution
		HideSolutionNode = FALSE
	EndGlobalSection
EndGlobal
